
Microsoft Visual Studio Solution File, Format Version 12.00
# Visual Studio Version 17
VisualStudioVersion = 17.1.32328.378
MinimumVisualStudioVersion = 10.0.40219.1
Project("{FAE04EC0-301F-11D3-BF4B-00C04F79EFBC}") = "Prototype", "Prototype.csproj", "{C214112B-B29D-48CB-97D8-0CCEE5468440}"
EndProject
Global
	GlobalSection(SolutionConfigurationPlatforms) = preSolution
		Debug|Any CPU = Debug|Any CPU
		Release|Any CPU = Release|Any CPU
	EndGlobalSection
	GlobalSection(ProjectConfigurationPlatforms) = postSolution
		{C214112B-B29D-48CB-97D8-0CCEE5468440}.Debug|Any CPU.ActiveCfg = Debug|Any CPU
		{C214112B-B29D-48CB-97D8-0CCEE5468440}.Debug|Any CPU.Build.0 = Debug|Any CPU
		{C214112B-B29D-48CB-97D8-0CCEE5468440}.Release|Any CPU.ActiveCfg = Release|Any CPU
		{C214112B-B29D-48CB-97D8-0CCEE5468440}.Release|Any CPU.Build.0 = Release|Any CPU
	EndGlobalSection
	GlobalSection(SolutionProperties) = preSolution
		HideSolutionNode = FALSE
	EndGlobalSection
	GlobalSection(ExtensibilityGlobals) = postSolution
		SolutionGuid = {240FBB4D-57CD-45F0-9DC3-863AF93D4D70}
	EndGlobalSection
EndGlobal
